schema: '2.0'
stages:
  load_data:
    cmd: python src/load_data.py --config=params.yaml
    deps:
    - path: data_given/winequality.csv
      md5: ccc8d3507eb151f53f760d36abdef888
      size: 91998
    - path: src/get_data.py
      md5: a6580c6a99e9db77c5e8213e3f206af4
      size: 725
    - path: src/load_data.py
      md5: 3e424ab26acfdb5e0bb38721cddb3009
      size: 681
    outs:
    - path: data/raw/winequality.csv
      md5: d98e8f2eca228c11c4de1cc96866a54d
      size: 93598
